PODS:
  - MockingbirdFramework (0.16.0)

DEPENDENCIES:
  - MockingbirdFramework (~> 0.16)

SPEC REPOS:
  trunk:
    - MockingbirdFramework

SPEC CHECKSUMS:
  MockingbirdFramework: d1c649854c0a4ae5b115f860d75513b6438489a2

PODFILE CHECKSUM: dd253800296d3e1a3cdf0a8cc9227b8fb3dbefbf

COCOAPODS: 1.10.1
