{"cliVersion":"0.16.0","productModuleName":"CourseUnitTest","sourceFilePaths":[{"path":"\/Users\/manuelalvarez\/Documents\/iOS Studies\/CourseUnitTest\/CourseUnitTest\/AppDelegate.swift","hash":"a1b25fa93588966863769aafbf8709aed2154af5"},{"path":"\/Users\/manuelalvarez\/Documents\/iOS Studies\/CourseUnitTest\/CourseUnitTest\/Models\/MOCK\/Add.swift","hash":"440e7d90a770a5c4ab78ee75a8bf740d5cea920b"},{"path":"\/Users\/manuelalvarez\/Documents\/iOS Studies\/CourseUnitTest\/CourseUnitTest\/Models\/MOCK\/Print.swift","hash":"5689420e203f9ee42772ffefeb42347b1a28eaff"},{"path":"\/Users\/manuelalvarez\/Documents\/iOS Studies\/CourseUnitTest\/CourseUnitTest\/Models\/MOCK\/ValidNumber.swift","hash":"151de8818e80762ce27fe9ba7235b9e19a307e17"},{"path":"\/Users\/manuelalvarez\/Documents\/iOS Studies\/CourseUnitTest\/CourseUnitTest\/Models\/SUT\/Calculator.swift","hash":"05c605ffd379ce4f4b277b2042f60281cf51a91f"},{"path":"\/Users\/manuelalvarez\/Documents\/iOS Studies\/CourseUnitTest\/CourseUnitTest\/Models\/SUT\/CalculatorTemp.swift","hash":"39a04f9adcdfe95a433fcf46c312ad3c0427c05c"},{"path":"\/Users\/manuelalvarez\/Documents\/iOS Studies\/CourseUnitTest\/CourseUnitTest\/Models\/SUT\/StringManager.swift","hash":"ce899cb0fc857df138b57564d0abf33e89cd0b2d"},{"path":"\/Users\/manuelalvarez\/Documents\/iOS Studies\/CourseUnitTest\/CourseUnitTest\/SceneDelegate.swift","hash":"7ba393ef1ace10e59196307e62081de3c3ca82a3"},{"path":"\/Users\/manuelalvarez\/Documents\/iOS Studies\/CourseUnitTest\/CourseUnitTest\/ViewController.swift","hash":"9c0a6e93b8fa86cbe9ef3946a99de01bf5e10114"}],"configHash":"4a47b5d5b85523d3394a2b56f548bb18c66cd6f3","dependencyPathsHash":"3a09aa29bbb014cd10ad4fd680ccaf994ca710df","targetPathsHash":"90270f72757d6875609a55a1ae6ea26335ec9d4f","mockedTypesHash":"9b91b80cfec9137f6dcad20d074aa3adeade5380","outputHash":"3fd8458f7bb0db8de2717fb40a634c48e16a664c","dependencies":[],"sourceRoot":"\/Users\/manuelalvarez\/Documents\/iOS Studies\/CourseUnitTest","supportingFilePaths":[{"path":"\/Users\/manuelalvarez\/Documents\/iOS Studies\/CourseUnitTest\/MockingbirdSupport\/AppKit\/NSResponder.swift","hash":"21296949c6d570892c8665a450e62c234c938790"},{"path":"\/Users\/manuelalvarez\/Documents\/iOS Studies\/CourseUnitTest\/MockingbirdSupport\/AppKit\/NSView.swift","hash":"85b3183be144012a7e105e292426c3d9f8966072"},{"path":"\/Users\/manuelalvarez\/Documents\/iOS Studies\/CourseUnitTest\/MockingbirdSupport\/AppKit\/NSViewController.swift","hash":"d8785e8a119f2723c8840534df0ad8ac61409797"},{"path":"\/Users\/manuelalvarez\/Documents\/iOS Studies\/CourseUnitTest\/MockingbirdSupport\/Foundation\/ObjectiveC\/NSObject.swift","hash":"cf466772b8c2d80d31f34b93b501b398fbb8854d"},{"path":"\/Users\/manuelalvarez\/Documents\/iOS Studies\/CourseUnitTest\/MockingbirdSupport\/Foundation\/ObjectiveC\/NSObject.swift","hash":"cf466772b8c2d80d31f34b93b501b398fbb8854d"},{"path":"\/Users\/manuelalvarez\/Documents\/iOS Studies\/CourseUnitTest\/MockingbirdSupport\/Swift\/Codable.swift","hash":"57675d8b36a2db7b093b3542bd3225a88992c3bc"},{"path":"\/Users\/manuelalvarez\/Documents\/iOS Studies\/CourseUnitTest\/MockingbirdSupport\/Swift\/Comparable.swift","hash":"d0d110744eeaf2f8fdd2f8a41df3452f35286bb7"},{"path":"\/Users\/manuelalvarez\/Documents\/iOS Studies\/CourseUnitTest\/MockingbirdSupport\/Swift\/Equatable.swift","hash":"2e7674f4e23a5ab7aef45b91b63c0ed5934c3b83"},{"path":"\/Users\/manuelalvarez\/Documents\/iOS Studies\/CourseUnitTest\/MockingbirdSupport\/Swift\/Hashable.swift","hash":"f59ec249aa03e312f2bda7c3b397c0dccd880a21"},{"path":"\/Users\/manuelalvarez\/Documents\/iOS Studies\/CourseUnitTest\/MockingbirdSupport\/Swift\/Misc.swift","hash":"c139249ec5799f1ec64c3d9e7d8c1f286b894035"},{"path":"\/Users\/manuelalvarez\/Documents\/iOS Studies\/CourseUnitTest\/MockingbirdSupport\/UIKit\/UIControl.swift","hash":"9363a4c38002598dbbc1198f16fe7198b8151d24"},{"path":"\/Users\/manuelalvarez\/Documents\/iOS Studies\/CourseUnitTest\/MockingbirdSupport\/UIKit\/UILabel.swift","hash":"e26a734695bfe008598ed0d8c936683db78f40ac"},{"path":"\/Users\/manuelalvarez\/Documents\/iOS Studies\/CourseUnitTest\/MockingbirdSupport\/UIKit\/UIView.swift","hash":"10e6b03a9c5a76f720c17fcb82af82ff66994926"},{"path":"\/Users\/manuelalvarez\/Documents\/iOS Studies\/CourseUnitTest\/MockingbirdSupport\/UIKit\/UIViewController.swift","hash":"bbd8980a22029f339b0e8746124fd06d94730570"}],"name":"CourseUnitTest","projectHash":"2c7c07b24001a16f3c44c73d5956000e638faed4"}