{"projectHash":"2c7c07b24001a16f3c44c73d5956000e638faed4","productModuleName":"CourseUnitTestTests","mockedTypeNames":["\/Users\/manuelalvarez\/Documents\/iOS Studies\/CourseUnitTest\/CourseUnitTestTests\/Models\/MOCK\/AddTest.swift",["ValidNumber","Print"],"\/Users\/manuelalvarez\/Documents\/iOS Studies\/CourseUnitTest\/CourseUnitTestTests\/Models\/SUT\/CalculatorTest.swift",[],"\/Users\/manuelalvarez\/Documents\/iOS Studies\/CourseUnitTest\/CourseUnitTestTests\/Models\/SUT\/CalculatorTempTest.swift",[],"\/Users\/manuelalvarez\/Documents\/iOS Studies\/CourseUnitTest\/CourseUnitTestTests\/CourseUnitTestTests.swift",[],"\/Users\/manuelalvarez\/Documents\/iOS Studies\/CourseUnitTest\/CourseUnitTestTests\/Models\/SUT\/StringManagerTest.swift",[],"\/Users\/manuelalvarez\/Documents\/iOS Studies\/CourseUnitTest\/CourseUnitTestTests\/Models\/MOCK\/ValidNumberTest.swift",[]],"cliVersion":"0.16.0","configHash":"4a47b5d5b85523d3394a2b56f548bb18c66cd6f3","sourceRoot":"\/Users\/manuelalvarez\/Documents\/iOS Studies\/CourseUnitTest","sourceFilePaths":[{"path":"\/Users\/manuelalvarez\/Documents\/iOS Studies\/CourseUnitTest\/CourseUnitTestTests\/CourseUnitTestTests.swift","hash":"e846679ab16cf1aa36fa91566f16cc61d4f44c45"},{"path":"\/Users\/manuelalvarez\/Documents\/iOS Studies\/CourseUnitTest\/CourseUnitTestTests\/Models\/MOCK\/AddTest.swift","hash":"d4e16a59d3b012150a844cb340b3f34df0ba4fc7"},{"path":"\/Users\/manuelalvarez\/Documents\/iOS Studies\/CourseUnitTest\/CourseUnitTestTests\/Models\/MOCK\/ValidNumberTest.swift","hash":"09cc7c9e8a1efc6894ba075e77f9c1531d0a3e32"},{"path":"\/Users\/manuelalvarez\/Documents\/iOS Studies\/CourseUnitTest\/CourseUnitTestTests\/Models\/SUT\/CalculatorTempTest.swift","hash":"6de8e61c748cae6bbd5dee171f5da065d17e72cc"},{"path":"\/Users\/manuelalvarez\/Documents\/iOS Studies\/CourseUnitTest\/CourseUnitTestTests\/Models\/SUT\/CalculatorTest.swift","hash":"8eac1a380ccc1eff2bed59bc3c6be5b64d1a7ae9"},{"path":"\/Users\/manuelalvarez\/Documents\/iOS Studies\/CourseUnitTest\/CourseUnitTestTests\/Models\/SUT\/StringManagerTest.swift","hash":"63f14e49b27147b3c3720454e5f76db26874c868"},{"path":"\/Users\/manuelalvarez\/Documents\/iOS Studies\/CourseUnitTest\/MockingbirdMocks\/CourseUnitTestTests-CourseUnitTestMocks.generated.swift","hash":"3fd8458f7bb0db8de2717fb40a634c48e16a664c"}],"dependencies":[],"name":"CourseUnitTestTests"}